<?xml version="1.0" encoding="utf-8"?>
<Project ToolsVersion="4.0" xmlns="http://schemas.microsoft.com/developer/msbuild/2003">
  <ItemGroup>
    <Filter Include="Source Files">
      <UniqueIdentifier>{4FC737F1-C7A5-4376-A066-2A32D752A2FF}</UniqueIdentifier>
      <Extensions>cpp;c;cc;cxx;c++;cppm;ixx;def;odl;idl;hpj;bat;asm;asmx</Extensions>
    </Filter>
    <Filter Include="Header Files">
      <UniqueIdentifier>{93995380-89BD-4b04-88EB-625FBE52EBFB}</UniqueIdentifier>
      <Extensions>h;hh;hpp;hxx;h++;hm;inl;inc;ipp;xsd</Extensions>
    </Filter>
    <Filter Include="Resource Files">
      <UniqueIdentifier>{67DA6AB6-F800-4c08-8B7A-83BB121AAD01}</UniqueIdentifier>
      <Extensions>rc;ico;cur;bmp;dlg;rc2;rct;bin;rgs;gif;jpg;jpeg;jpe;resx;tiff;tif;png;wav;mfcribbon-ms</Extensions>
    </Filter>
    <Filter Include="Header Files\Main">
      <UniqueIdentifier>{633222af-f80a-4bbd-a696-ed34521466ea}</UniqueIdentifier>
    </Filter>
    <Filter Include="Source Files\Main">
      <UniqueIdentifier>{2dba5ef9-503f-463c-8e68-456a6ebd82af}</UniqueIdentifier>
    </Filter>
    <Filter Include="Header Files\Gameplay">
      <UniqueIdentifier>{9c3996b7-8652-4658-9464-8cdef0e2c62b}</UniqueIdentifier>
    </Filter>
    <Filter Include="Source Files\Gameplay">
      <UniqueIdentifier>{a0cc40c7-50f3-4b45-9d1e-139966cc218b}</UniqueIdentifier>
    </Filter>
    <Filter Include="Header Files\Gameplay\Intro">
      <UniqueIdentifier>{77913e68-7a70-4c25-a1dd-a187f1b62280}</UniqueIdentifier>
    </Filter>
    <Filter Include="Source Files\Gameplay\Intro">
      <UniqueIdentifier>{62cc27c5-2898-44c6-b45d-8d6e4cce1ab4}</UniqueIdentifier>
    </Filter>
    <Filter Include="Header Files\Gameplay\Board">
      <UniqueIdentifier>{fb838738-ae7e-41a7-829d-6c343a316771}</UniqueIdentifier>
    </Filter>
    <Filter Include="Source Files\Gameplay\Board">
      <UniqueIdentifier>{7b3ab2bc-b037-415d-9dce-7a7cda246dc8}</UniqueIdentifier>
    </Filter>
    <Filter Include="Header Files\Gameplay\Cell">
      <UniqueIdentifier>{92a2c015-cac0-4cb3-9055-4912990a465b}</UniqueIdentifier>
    </Filter>
    <Filter Include="Source Files\Gameplay\Cell">
      <UniqueIdentifier>{b87a340a-c587-4072-b795-ff14435a05bb}</UniqueIdentifier>
    </Filter>
  </ItemGroup>
  <ItemGroup>
    <ClCompile Include="Main.cpp">
      <Filter>Source Files</Filter>
    </ClCompile>
    <ClCompile Include="GameLoop.cpp">
      <Filter>Source Files\Main</Filter>
    </ClCompile>
    <ClCompile Include="GameInstructions.cpp">
      <Filter>Source Files\Gameplay\Intro</Filter>
    </ClCompile>
    <ClCompile Include="Board.cpp">
      <Filter>Source Files\Gameplay\Board</Filter>
    </ClCompile>
    <ClCompile Include="Cell.cpp">
      <Filter>Source Files\Gameplay\Cell</Filter>
    </ClCompile>
  </ItemGroup>
  <ItemGroup>
    <ClInclude Include="GameLoop.h">
      <Filter>Header Files\Main</Filter>
    </ClInclude>
    <ClInclude Include="GameInstructions.h">
      <Filter>Header Files\Gameplay\Intro</Filter>
    </ClInclude>
    <ClInclude Include="Board.h">
      <Filter>Header Files\Gameplay\Board</Filter>
    </ClInclude>
    <ClInclude Include="Cell.h">
      <Filter>Header Files\Gameplay\Cell</Filter>
    </ClInclude>
  </ItemGroup>
</Project>